
Microsoft Visual Studio Solution File, Format Version 12.00
# Visual Studio Version 17
VisualStudioVersion = 17.0.31903.59
MinimumVisualStudioVersion = 10.0.40219.1
Project("{2150E333-8FDC-42A3-9474-1A3956D46DE8}") = "src", "src", "{827E0CD3-B72D-47B6-A68D-7590B98EB39B}"
EndProject
Project("{FAE04EC0-301F-11D3-BF4B-00C04F79EFBC}") = "Backend", "src\Backend\Backend.csproj", "{982C1D11-B824-488E-9B09-E66F7F314C40}"
EndProject
Project("{FAE04EC0-301F-11D3-BF4B-00C04F79EFBC}") = "Frontend", "src\Frontend\Frontend.csproj", "{B051DABA-92DB-4BF6-A5C6-3310F21C4959}"
EndProject
Global
	GlobalSection(SolutionConfigurationPlatforms) = preSolution
		Debug|Any CPU = Debug|Any CPU
		Debug|x64 = Debug|x64
		Debug|x86 = Debug|x86
		Release|Any CPU = Release|Any CPU
		Release|x64 = Release|x64
		Release|x86 = Release|x86
	EndGlobalSection
	GlobalSection(ProjectConfigurationPlatforms) = postSolution
		{982C1D11-B824-488E-9B09-E66F7F314C40}.Debug|Any CPU.ActiveCfg = Debug|Any CPU
		{982C1D11-B824-488E-9B09-E66F7F314C40}.Debug|Any CPU.Build.0 = Debug|Any CPU
		{982C1D11-B824-488E-9B09-E66F7F314C40}.Debug|x64.ActiveCfg = Debug|Any CPU
		{982C1D11-B824-488E-9B09-E66F7F314C40}.Debug|x64.Build.0 = Debug|Any CPU
		{982C1D11-B824-488E-9B09-E66F7F314C40}.Debug|x86.ActiveCfg = Debug|Any CPU
		{982C1D11-B824-488E-9B09-E66F7F314C40}.Debug|x86.Build.0 = Debug|Any CPU
		{982C1D11-B824-488E-9B09-E66F7F314C40}.Release|Any CPU.ActiveCfg = Release|Any CPU
		{982C1D11-B824-488E-9B09-E66F7F314C40}.Release|Any CPU.Build.0 = Release|Any CPU
		{982C1D11-B824-488E-9B09-E66F7F314C40}.Release|x64.ActiveCfg = Release|Any CPU
		{982C1D11-B824-488E-9B09-E66F7F314C40}.Release|x64.Build.0 = Release|Any CPU
		{982C1D11-B824-488E-9B09-E66F7F314C40}.Release|x86.ActiveCfg = Release|Any CPU
		{982C1D11-B824-488E-9B09-E66F7F314C40}.Release|x86.Build.0 = Release|Any CPU
		{B051DABA-92DB-4BF6-A5C6-3310F21C4959}.Debug|Any CPU.ActiveCfg = Debug|Any CPU
		{B051DABA-92DB-4BF6-A5C6-3310F21C4959}.Debug|Any CPU.Build.0 = Debug|Any CPU
		{B051DABA-92DB-4BF6-A5C6-3310F21C4959}.Debug|x64.ActiveCfg = Debug|Any CPU
		{B051DABA-92DB-4BF6-A5C6-3310F21C4959}.Debug|x64.Build.0 = Debug|Any CPU
		{B051DABA-92DB-4BF6-A5C6-3310F21C4959}.Debug|x86.ActiveCfg = Debug|Any CPU
		{B051DABA-92DB-4BF6-A5C6-3310F21C4959}.Debug|x86.Build.0 = Debug|Any CPU
		{B051DABA-92DB-4BF6-A5C6-3310F21C4959}.Release|Any CPU.ActiveCfg = Release|Any CPU
		{B051DABA-92DB-4BF6-A5C6-3310F21C4959}.Release|Any CPU.Build.0 = Release|Any CPU
		{B051DABA-92DB-4BF6-A5C6-3310F21C4959}.Release|x64.ActiveCfg = Release|Any CPU
		{B051DABA-92DB-4BF6-A5C6-3310F21C4959}.Release|x64.Build.0 = Release|Any CPU
		{B051DABA-92DB-4BF6-A5C6-3310F21C4959}.Release|x86.ActiveCfg = Release|Any CPU
		{B051DABA-92DB-4BF6-A5C6-3310F21C4959}.Release|x86.Build.0 = Release|Any CPU
	EndGlobalSection
	GlobalSection(SolutionProperties) = preSolution
		HideSolutionNode = FALSE
	EndGlobalSection
	GlobalSection(NestedProjects) = preSolution
		{982C1D11-B824-488E-9B09-E66F7F314C40} = {827E0CD3-B72D-47B6-A68D-7590B98EB39B}
		{B051DABA-92DB-4BF6-A5C6-3310F21C4959} = {827E0CD3-B72D-47B6-A68D-7590B98EB39B}
	EndGlobalSection
EndGlobal
